
Microsoft Visual Studio Solution File, Format Version 12.00
# Visual Studio Version 17
VisualStudioVersion = 17.8.34316.72
MinimumVisualStudioVersion = 10.0.40219.1
Project("{FAE04EC0-301F-11D3-BF4B-00C04F79EFBC}") = "LinqDemo1", "LinqDemo1\LinqDemo1.csproj", "{84D66593-A8E5-4354-AA58-B50AB9EBA2DE}"
EndProject
Global
	GlobalSection(SolutionConfigurationPlatforms) = preSolution
		Debug|Any CPU = Debug|Any CPU
		Release|Any CPU = Release|Any CPU
	EndGlobalSection
	GlobalSection(ProjectConfigurationPlatforms) = postSolution
		{84D66593-A8E5-4354-AA58-B50AB9EBA2DE}.Debug|Any CPU.ActiveCfg = Debug|Any CPU
		{84D66593-A8E5-4354-AA58-B50AB9EBA2DE}.Debug|Any CPU.Build.0 = Debug|Any CPU
		{84D66593-A8E5-4354-AA58-B50AB9EBA2DE}.Release|Any CPU.ActiveCfg = Release|Any CPU
		{84D66593-A8E5-4354-AA58-B50AB9EBA2DE}.Release|Any CPU.Build.0 = Release|Any CPU
	EndGlobalSection
	GlobalSection(SolutionProperties) = preSolution
		HideSolutionNode = FALSE
	EndGlobalSection
	GlobalSection(ExtensibilityGlobals) = postSolution
		SolutionGuid = {DE658915-F5D3-4C57-9CFF-9717FE656716}
	EndGlobalSection
EndGlobal
