
Microsoft Visual Studio Solution File, Format Version 12.00
# Visual Studio Version 17
VisualStudioVersion = 17.8.34316.72
MinimumVisualStudioVersion = 10.0.40219.1
Project("{FAE04EC0-301F-11D3-BF4B-00C04F79EFBC}") = "Creational_Factory_PatternDemo", "Creational_Factory_PatternDemo\Creational_Factory_PatternDemo.csproj", "{697C5CDE-DD8B-4AD3-8ACD-5041E5FE07FC}"
EndProject
Global
	GlobalSection(SolutionConfigurationPlatforms) = preSolution
		Debug|Any CPU = Debug|Any CPU
		Release|Any CPU = Release|Any CPU
	EndGlobalSection
	GlobalSection(ProjectConfigurationPlatforms) = postSolution
		{697C5CDE-DD8B-4AD3-8ACD-5041E5FE07FC}.Debug|Any CPU.ActiveCfg = Debug|Any CPU
		{697C5CDE-DD8B-4AD3-8ACD-5041E5FE07FC}.Debug|Any CPU.Build.0 = Debug|Any CPU
		{697C5CDE-DD8B-4AD3-8ACD-5041E5FE07FC}.Release|Any CPU.ActiveCfg = Release|Any CPU
		{697C5CDE-DD8B-4AD3-8ACD-5041E5FE07FC}.Release|Any CPU.Build.0 = Release|Any CPU
	EndGlobalSection
	GlobalSection(SolutionProperties) = preSolution
		HideSolutionNode = FALSE
	EndGlobalSection
	GlobalSection(ExtensibilityGlobals) = postSolution
		SolutionGuid = {6ACCF8E5-AF4A-47FB-9DF3-ECA52E22FB7A}
	EndGlobalSection
EndGlobal
