
Microsoft Visual Studio Solution File, Format Version 12.00
# Visual Studio Version 17
VisualStudioVersion = 17.8.34316.72
MinimumVisualStudioVersion = 10.0.40219.1
Project("{FAE04EC0-301F-11D3-BF4B-00C04F79EFBC}") = "SimpleWebApiDemo1", "SimpleWebApiDemo1.csproj", "{0CB3C31C-19ED-4C52-ADA3-75ACC93B5425}"
EndProject
Global
	GlobalSection(SolutionConfigurationPlatforms) = preSolution
		Debug|Any CPU = Debug|Any CPU
		Release|Any CPU = Release|Any CPU
	EndGlobalSection
	GlobalSection(ProjectConfigurationPlatforms) = postSolution
		{0CB3C31C-19ED-4C52-ADA3-75ACC93B5425}.Debug|Any CPU.ActiveCfg = Debug|Any CPU
		{0CB3C31C-19ED-4C52-ADA3-75ACC93B5425}.Debug|Any CPU.Build.0 = Debug|Any CPU
		{0CB3C31C-19ED-4C52-ADA3-75ACC93B5425}.Release|Any CPU.ActiveCfg = Release|Any CPU
		{0CB3C31C-19ED-4C52-ADA3-75ACC93B5425}.Release|Any CPU.Build.0 = Release|Any CPU
	EndGlobalSection
	GlobalSection(SolutionProperties) = preSolution
		HideSolutionNode = FALSE
	EndGlobalSection
	GlobalSection(ExtensibilityGlobals) = postSolution
		SolutionGuid = {843909A7-F84B-43C6-B1D3-5C7C4E69F2AB}
	EndGlobalSection
EndGlobal
